# This file is automatically @generated by Poetry 2.3.4 and should not be changed by hand.

[[package]]
name = "delta-spark"
version = "4.2.0"
description = "Python APIs for using Delta Lake with Apache Spark"
optional = false
python-versions = ">=3.10"
groups = ["main"]
files = [
    {file = "delta_spark-4.2.0-py3-none-any.whl", hash = "sha256:46327eaeb50915aec3b66bb4ab8fb8db7f90774f2a3bb65bb859333cedc6ef8f"},
    {file = "delta_spark-4.2.0.tar.gz", hash = "sha256:198079cf74ee40788895a73111900095ebaed2c631205315868b4406c521e0d5"},
]

[package.dependencies]
importlib_metadata = ">=1.0.0,<=8.7.1"
pyspark = ">=4.0.1,<=4.1.1"

[[package]]
name = "importlib-metadata"
version = "8.7.1"
description = "Read metadata from Python packages"
optional = false
python-versions = ">=3.9"
groups = ["main"]
files = [
    {file = "importlib_metadata-8.7.1-py3-none-any.whl", hash = "sha256:5a1f80bf1daa489495071efbb095d75a634cf28a8bc299581244063b53176151"},
    {file = "importlib_metadata-8.7.1.tar.gz", hash = "sha256:49fef1ae6440c182052f407c8d34a68f72efc36db9ca90dc0113398f2fdde8bb"},
]

[package.dependencies]
zipp = ">=3.20"

[package.extras]
check = ["pytest-checkdocs (>=2.4)", "pytest-ruff (>=0.2.1) ; sys_platform != \"cygwin\""]
cover = ["pytest-cov"]
doc = ["furo", "jaraco.packaging (>=9.3)", "jaraco.tidelift (>=1.4)", "rst.linker (>=1.9)", "sphinx (>=3.5)", "sphinx-lint"]
enabler = ["pytest-enabler (>=3.4)"]
perf = ["ipython"]
test = ["flufl.flake8", "jaraco.test (>=5.4)", "packaging", "pyfakefs", "pytest (>=6,!=8.1.*)", "pytest-perf (>=0.9.2)"]
type = ["mypy (<1.19) ; platform_python_implementation == \"PyPy\"", "pytest-mypy (>=1.0.1)"]

[[package]]
name = "py4j"
version = "0.10.9.9"
description = "Enables Python programs to dynamically access arbitrary Java objects"
optional = false
python-versions = "*"
groups = ["main"]
files = [
    {file = "py4j-0.10.9.9-py2.py3-none-any.whl", hash = "sha256:c7c26e4158defb37b0bb124933163641a2ff6e3a3913f7811b0ddbe07ed61533"},
    {file = "py4j-0.10.9.9.tar.gz", hash = "sha256:f694cad19efa5bd1dee4f3e5270eb406613c974394035e5bfc4ec1aba870b879"},
]

[[package]]
name = "pyspark"
version = "4.1.1"
description = "Apache Spark Python API"
optional = false
python-versions = ">=3.10"
groups = ["main"]
files = [
    {file = "pyspark-4.1.1.tar.gz", hash = "sha256:77f78984aa84fbe865c717dd37b49913b4e5c97d76ef6824f932f1aefa6621ec"},
]

[package.dependencies]
py4j = ">=0.10.9.7,<0.10.9.10"

[package.extras]
connect = ["googleapis-common-protos (>=1.71.0)", "grpcio (>=1.76.0)", "grpcio-status (>=1.76.0)", "numpy (>=1.21)", "pandas (>=2.2.0)", "pyarrow (>=15.0.0)", "zstandard (>=0.25.0)"]
ml = ["numpy (>=1.21)"]
mllib = ["numpy (>=1.21)"]
pandas-on-spark = ["numpy (>=1.21)", "pandas (>=2.2.0)", "pyarrow (>=15.0.0)"]
pipelines = ["googleapis-common-protos (>=1.71.0)", "grpcio (>=1.76.0)", "grpcio-status (>=1.76.0)", "numpy (>=1.21)", "pandas (>=2.2.0)", "pyarrow (>=15.0.0)", "pyyaml (>=3.11)", "zstandard (>=0.25.0)"]
sql = ["numpy (>=1.21)", "pandas (>=2.2.0)", "pyarrow (>=15.0.0)"]

[[package]]
name = "zipp"
version = "3.23.1"
description = "Backport of pathlib-compatible object wrapper for zip files"
optional = false
python-versions = ">=3.9"
groups = ["main"]
files = [
    {file = "zipp-3.23.1-py3-none-any.whl", hash = "sha256:0b3596c50a5c700c9cb40ba8d86d9f2cc4807e9bedb06bcdf7fac85633e444dc"},
    {file = "zipp-3.23.1.tar.gz", hash = "sha256:32120e378d32cd9714ad503c1d024619063ec28aad2248dc6672ad13edfa5110"},
]

[package.extras]
check = ["pytest-checkdocs (>=2.4)", "pytest-ruff (>=0.2.1) ; sys_platform != \"cygwin\""]
cover = ["pytest-cov"]
doc = ["furo", "jaraco.packaging (>=9.3)", "jaraco.tidelift (>=1.4)", "rst.linker (>=1.9)", "sphinx (>=3.5)", "sphinx-lint"]
enabler = ["pytest-enabler (>=2.2)"]
test = ["big-O", "jaraco.functools", "jaraco.itertools", "jaraco.test", "more_itertools", "pytest (>=6,!=8.1.*)", "pytest-ignore-flaky"]
type = ["pytest-mypy"]

[metadata]
lock-version = "2.1"
python-versions = ">=3.11"
content-hash = "7b7f648885aebdbe3b3d2deea66fb23a33da53d68810d2dbd9886bc4afb51825"
